
Microsoft Visual Studio Solution File, Format Version 12.00
# Visual Studio Version 17
VisualStudioVersion = 17.5.33530.505
MinimumVisualStudioVersion = 10.0.40219.1
Project("{FAE04EC0-301F-11D3-BF4B-00C04F79EFBC}") = "Ejercicio3", "Ejercicio3\Ejercicio3.csproj", "{2F6A2202-C7BC-425A-A76E-C66F5FB588FB}"
EndProject
Global
	GlobalSection(SolutionConfigurationPlatforms) = preSolution
		Debug|Any CPU = Debug|Any CPU
		Release|Any CPU = Release|Any CPU
	EndGlobalSection
	GlobalSection(ProjectConfigurationPlatforms) = postSolution
		{2F6A2202-C7BC-425A-A76E-C66F5FB588FB}.Debug|Any CPU.ActiveCfg = Debug|Any CPU
		{2F6A2202-C7BC-425A-A76E-C66F5FB588FB}.Debug|Any CPU.Build.0 = Debug|Any CPU
		{2F6A2202-C7BC-425A-A76E-C66F5FB588FB}.Release|Any CPU.ActiveCfg = Release|Any CPU
		{2F6A2202-C7BC-425A-A76E-C66F5FB588FB}.Release|Any CPU.Build.0 = Release|Any CPU
	EndGlobalSection
	GlobalSection(SolutionProperties) = preSolution
		HideSolutionNode = FALSE
	EndGlobalSection
	GlobalSection(ExtensibilityGlobals) = postSolution
		SolutionGuid = {E83B35AC-B921-4893-938B-CEA89CB1C095}
	EndGlobalSection
EndGlobal
